
Microsoft Visual Studio Solution File, Format Version 12.00
# Visual Studio 2012
Project("{FAE04EC0-301F-11D3-BF4B-00C04F79EFBC}") = "MonoGame.UI Test", "MonoGame.UI Test\MonoGame.UI Test.csproj", "{910049C4-9422-43BB-AEB0-09BB36563313}"
EndProject
Project("{FAE04EC0-301F-11D3-BF4B-00C04F79EFBC}") = "MonoGame.UI", "MonoGame.UI\MonoGame.UI.csproj", "{D36FB8A6-C061-4F33-8087-8C48A383353B}"
EndProject
Global
	GlobalSection(SolutionConfigurationPlatforms) = preSolution
		Debug|Any CPU = Debug|Any CPU
		Debug|Mixed Platforms = Debug|Mixed Platforms
		Debug|x86 = Debug|x86
		Release|Any CPU = Release|Any CPU
		Release|Mixed Platforms = Release|Mixed Platforms
		Release|x86 = Release|x86
	EndGlobalSection
	GlobalSection(ProjectConfigurationPlatforms) = postSolution
		{910049C4-9422-43BB-AEB0-09BB36563313}.Debug|Any CPU.ActiveCfg = Debug|x86
		{910049C4-9422-43BB-AEB0-09BB36563313}.Debug|Mixed Platforms.ActiveCfg = Debug|x86
		{910049C4-9422-43BB-AEB0-09BB36563313}.Debug|Mixed Platforms.Build.0 = Debug|x86
		{910049C4-9422-43BB-AEB0-09BB36563313}.Debug|x86.ActiveCfg = Debug|x86
		{910049C4-9422-43BB-AEB0-09BB36563313}.Debug|x86.Build.0 = Debug|x86
		{910049C4-9422-43BB-AEB0-09BB36563313}.Release|Any CPU.ActiveCfg = Release|x86
		{910049C4-9422-43BB-AEB0-09BB36563313}.Release|Mixed Platforms.ActiveCfg = Release|x86
		{910049C4-9422-43BB-AEB0-09BB36563313}.Release|Mixed Platforms.Build.0 = Release|x86
		{910049C4-9422-43BB-AEB0-09BB36563313}.Release|x86.ActiveCfg = Release|x86
		{910049C4-9422-43BB-AEB0-09BB36563313}.Release|x86.Build.0 = Release|x86
		{D36FB8A6-C061-4F33-8087-8C48A383353B}.Debug|Any CPU.ActiveCfg = Debug|Any CPU
		{D36FB8A6-C061-4F33-8087-8C48A383353B}.Debug|Any CPU.Build.0 = Debug|Any CPU
		{D36FB8A6-C061-4F33-8087-8C48A383353B}.Debug|Mixed Platforms.ActiveCfg = Debug|Any CPU
		{D36FB8A6-C061-4F33-8087-8C48A383353B}.Debug|Mixed Platforms.Build.0 = Debug|Any CPU
		{D36FB8A6-C061-4F33-8087-8C48A383353B}.Debug|x86.ActiveCfg = Debug|Any CPU
		{D36FB8A6-C061-4F33-8087-8C48A383353B}.Release|Any CPU.ActiveCfg = Release|Any CPU
		{D36FB8A6-C061-4F33-8087-8C48A383353B}.Release|Any CPU.Build.0 = Release|Any CPU
		{D36FB8A6-C061-4F33-8087-8C48A383353B}.Release|Mixed Platforms.ActiveCfg = Release|Any CPU
		{D36FB8A6-C061-4F33-8087-8C48A383353B}.Release|Mixed Platforms.Build.0 = Release|Any CPU
		{D36FB8A6-C061-4F33-8087-8C48A383353B}.Release|x86.ActiveCfg = Release|Any CPU
	EndGlobalSection
	GlobalSection(SolutionProperties) = preSolution
		HideSolutionNode = FALSE
	EndGlobalSection
EndGlobal
